
Microsoft Visual Studio Solution File, Format Version 12.00
# Visual Studio Version 16
VisualStudioVersion = 16.0.31729.503
MinimumVisualStudioVersion = 10.0.40219.1
Project("{FAE04EC0-301F-11D3-BF4B-00C04F79EFBC}") = "Member", "Member.csproj", "{4E680E35-51B9-40C8-BA9C-01DCCBC636A7}"
EndProject
Project("{FAE04EC0-301F-11D3-BF4B-00C04F79EFBC}") = "Claim", "..\Claim\Claim.csproj", "{6E55753A-DEF6-4F22-94E7-61AD0CF46F3D}"
EndProject
Global
	GlobalSection(SolutionConfigurationPlatforms) = preSolution
		Debug|Any CPU = Debug|Any CPU
		Release|Any CPU = Release|Any CPU
	EndGlobalSection
	GlobalSection(ProjectConfigurationPlatforms) = postSolution
		{4E680E35-51B9-40C8-BA9C-01DCCBC636A7}.Debug|Any CPU.ActiveCfg = Debug|Any CPU
		{4E680E35-51B9-40C8-BA9C-01DCCBC636A7}.Debug|Any CPU.Build.0 = Debug|Any CPU
		{4E680E35-51B9-40C8-BA9C-01DCCBC636A7}.Release|Any CPU.ActiveCfg = Release|Any CPU
		{4E680E35-51B9-40C8-BA9C-01DCCBC636A7}.Release|Any CPU.Build.0 = Release|Any CPU
		{6E55753A-DEF6-4F22-94E7-61AD0CF46F3D}.Debug|Any CPU.ActiveCfg = Debug|Any CPU
		{6E55753A-DEF6-4F22-94E7-61AD0CF46F3D}.Debug|Any CPU.Build.0 = Debug|Any CPU
		{6E55753A-DEF6-4F22-94E7-61AD0CF46F3D}.Release|Any CPU.ActiveCfg = Release|Any CPU
		{6E55753A-DEF6-4F22-94E7-61AD0CF46F3D}.Release|Any CPU.Build.0 = Release|Any CPU
	EndGlobalSection
	GlobalSection(SolutionProperties) = preSolution
		HideSolutionNode = FALSE
	EndGlobalSection
	GlobalSection(ExtensibilityGlobals) = postSolution
		SolutionGuid = {51D33B49-7E9C-487A-8507-71C0F536E277}
	EndGlobalSection
EndGlobal
